
Microsoft Visual Studio Solution File, Format Version 12.00
# Visual Studio Version 16
VisualStudioVersion = 16.0.33927.289
MinimumVisualStudioVersion = 10.0.40219.1
Project("{2150E333-8FDC-42A3-9474-1A3956D46DE8}") = "Task0", "Task0", "{F4E46C24-91CC-45B5-87B8-54A47DF8A55B}"
EndProject
Project("{FAE04EC0-301F-11D3-BF4B-00C04F79EFBC}") = "Tyuiu.SavenkovaME.Sprint0.Task0.V0", "Tyuiu.SavenkovaME.Sprint0.Task0.V0\Tyuiu.SavenkovaME.Sprint0.Task0.V0.csproj", "{4A497384-6D8E-4A18-8F35-93A8BA6CC2E0}"
EndProject
Project("{2150E333-8FDC-42A3-9474-1A3956D46DE8}") = "Task1", "Task1", "{D1D8C78A-A564-40EC-B11F-D83071125E0D}"
EndProject
Project("{FAE04EC0-301F-11D3-BF4B-00C04F79EFBC}") = "Tyuiu.SavenkovaME.Sprint0.Task1.V0", "Tyuiu.SavenkovaME.Sprint0.Task1.V0\Tyuiu.SavenkovaME.Sprint0.Task1.V0.csproj", "{A5074406-5489-4C70-824D-8251632A4EF1}"
EndProject
Project("{2150E333-8FDC-42A3-9474-1A3956D46DE8}") = "Task2", "Task2", "{7D0C39A6-2F98-4F9F-BF5B-967737D0F788}"
EndProject
Project("{FAE04EC0-301F-11D3-BF4B-00C04F79EFBC}") = "Tyuiu.SavenkovaME.Sprint0.Task2.V0", "Tyuiu.SavenkovaME.Sprint0.Task2.V0\Tyuiu.SavenkovaME.Sprint0.Task2.V0.csproj", "{B09E78EE-2835-4CB5-8B33-23F0D5C1F5A0}"
EndProject
Project("{FAE04EC0-301F-11D3-BF4B-00C04F79EFBC}") = "Tyuiu.SavenkovaME.Sprint0.Task2.V0.Lib", "Tyuiu.SavenkovaME.Sprint0.Task2.V0.Lib\Tyuiu.SavenkovaME.Sprint0.Task2.V0.Lib.csproj", "{2A8A14A6-D236-4616-8B07-584E50CEB968}"
EndProject
Project("{FAE04EC0-301F-11D3-BF4B-00C04F79EFBC}") = "Tyuiu.SavenkovaME.Sprint0.Task2.V0.Test", "Tyuiu.SavenkovaME.Sprint0.Task2.V0.Test\Tyuiu.SavenkovaME.Sprint0.Task2.V0.Test.csproj", "{53A2C7E4-1709-41D7-A19E-7349CD39EEA4}"
EndProject
Project("{2150E333-8FDC-42A3-9474-1A3956D46DE8}") = "Task3", "Task3", "{996CF5DA-3D93-4905-9924-B9F76C900648}"
EndProject
Project("{FAE04EC0-301F-11D3-BF4B-00C04F79EFBC}") = "Tyuiu.SavenkovaME.Sprint0.Task3.V0", "Tyuiu.SavenkovaME.Sprint0.Task3.V0\Tyuiu.SavenkovaME.Sprint0.Task3.V0.csproj", "{F5A4827E-8889-46B5-AE63-388749AA65B0}"
EndProject
Project("{FAE04EC0-301F-11D3-BF4B-00C04F79EFBC}") = "Tyuiu.SavenkovaME.Sprint0.Task3.V0.Lib", "Tyuiu.SavenkovaME.Sprint0.Task3.V0.Lib\Tyuiu.SavenkovaME.Sprint0.Task3.V0.Lib.csproj", "{14B73A7F-1416-483F-876D-716A07A73DE0}"
EndProject
Project("{FAE04EC0-301F-11D3-BF4B-00C04F79EFBC}") = "Tyuiu.SavenkovaME.Sprint0.Task3.V0.Test", "Tyuiu.SavenkovaME.Sprint0.Task3.V0.Test\Tyuiu.SavenkovaME.Sprint0.Task3.V0.Test.csproj", "{FBD1248A-3058-4ABA-8119-6F6277695DDA}"
EndProject
Project("{2150E333-8FDC-42A3-9474-1A3956D46DE8}") = "Task4", "Task4", "{B6B634A3-4625-48B2-A4F3-70E2909B9780}"
EndProject
Project("{FAE04EC0-301F-11D3-BF4B-00C04F79EFBC}") = "Tyuiu.SavenkovaME.Sprint0.Task4.V0", "Tyuiu.SavenkovaME.Sprint0.Task4.V0\Tyuiu.SavenkovaME.Sprint0.Task4.V0.csproj", "{8549DFD6-F52F-4921-93D5-9765D4FD1A96}"
EndProject
Project("{FAE04EC0-301F-11D3-BF4B-00C04F79EFBC}") = "Tyuiu.SavenkovaME.Sprint0.Task4.V0.Lib", "Tyuiu.SavenkovaME.Sprint0.Task4.V0.Lib\Tyuiu.SavenkovaME.Sprint0.Task4.V0.Lib.csproj", "{96CCE86F-28A6-4CAB-9D59-B6855CBBD326}"
EndProject
Project("{FAE04EC0-301F-11D3-BF4B-00C04F79EFBC}") = "Tyuiu.SavenkovaME.Sprint0.Task4.V0.Test", "Tyuiu.SavenkovaME.Sprint0.Task4.V0.Test\Tyuiu.SavenkovaME.Sprint0.Task4.V0.Test.csproj", "{83296BD8-947B-432A-ABF9-4F19A9F37555}"
EndProject
Global
	GlobalSection(SolutionConfigurationPlatforms) = preSolution
		Debug|Any CPU = Debug|Any CPU
		Release|Any CPU = Release|Any CPU
	EndGlobalSection
	GlobalSection(ProjectConfigurationPlatforms) = postSolution
		{4A497384-6D8E-4A18-8F35-93A8BA6CC2E0}.Debug|Any CPU.ActiveCfg = Debug|Any CPU
		{4A497384-6D8E-4A18-8F35-93A8BA6CC2E0}.Debug|Any CPU.Build.0 = Debug|Any CPU
		{4A497384-6D8E-4A18-8F35-93A8BA6CC2E0}.Release|Any CPU.ActiveCfg = Release|Any CPU
		{4A497384-6D8E-4A18-8F35-93A8BA6CC2E0}.Release|Any CPU.Build.0 = Release|Any CPU
		{A5074406-5489-4C70-824D-8251632A4EF1}.Debug|Any CPU.ActiveCfg = Debug|Any CPU
		{A5074406-5489-4C70-824D-8251632A4EF1}.Debug|Any CPU.Build.0 = Debug|Any CPU
		{A5074406-5489-4C70-824D-8251632A4EF1}.Release|Any CPU.ActiveCfg = Release|Any CPU
		{A5074406-5489-4C70-824D-8251632A4EF1}.Release|Any CPU.Build.0 = Release|Any CPU
		{B09E78EE-2835-4CB5-8B33-23F0D5C1F5A0}.Debug|Any CPU.ActiveCfg = Debug|Any CPU
		{B09E78EE-2835-4CB5-8B33-23F0D5C1F5A0}.Debug|Any CPU.Build.0 = Debug|Any CPU
		{B09E78EE-2835-4CB5-8B33-23F0D5C1F5A0}.Release|Any CPU.ActiveCfg = Release|Any CPU
		{B09E78EE-2835-4CB5-8B33-23F0D5C1F5A0}.Release|Any CPU.Build.0 = Release|Any CPU
		{2A8A14A6-D236-4616-8B07-584E50CEB968}.Debug|Any CPU.ActiveCfg = Debug|Any CPU
		{2A8A14A6-D236-4616-8B07-584E50CEB968}.Debug|Any CPU.Build.0 = Debug|Any CPU
		{2A8A14A6-D236-4616-8B07-584E50CEB968}.Release|Any CPU.ActiveCfg = Release|Any CPU
		{2A8A14A6-D236-4616-8B07-584E50CEB968}.Release|Any CPU.Build.0 = Release|Any CPU
		{53A2C7E4-1709-41D7-A19E-7349CD39EEA4}.Debug|Any CPU.ActiveCfg = Debug|Any CPU
		{53A2C7E4-1709-41D7-A19E-7349CD39EEA4}.Debug|Any CPU.Build.0 = Debug|Any CPU
		{53A2C7E4-1709-41D7-A19E-7349CD39EEA4}.Release|Any CPU.ActiveCfg = Release|Any CPU
		{53A2C7E4-1709-41D7-A19E-7349CD39EEA4}.Release|Any CPU.Build.0 = Release|Any CPU
		{F5A4827E-8889-46B5-AE63-388749AA65B0}.Debug|Any CPU.ActiveCfg = Debug|Any CPU
		{F5A4827E-8889-46B5-AE63-388749AA65B0}.Debug|Any CPU.Build.0 = Debug|Any CPU
		{F5A4827E-8889-46B5-AE63-388749AA65B0}.Release|Any CPU.ActiveCfg = Release|Any CPU
		{F5A4827E-8889-46B5-AE63-388749AA65B0}.Release|Any CPU.Build.0 = Release|Any CPU
		{14B73A7F-1416-483F-876D-716A07A73DE0}.Debug|Any CPU.ActiveCfg = Debug|Any CPU
		{14B73A7F-1416-483F-876D-716A07A73DE0}.Debug|Any CPU.Build.0 = Debug|Any CPU
		{14B73A7F-1416-483F-876D-716A07A73DE0}.Release|Any CPU.ActiveCfg = Release|Any CPU
		{14B73A7F-1416-483F-876D-716A07A73DE0}.Release|Any CPU.Build.0 = Release|Any CPU
		{FBD1248A-3058-4ABA-8119-6F6277695DDA}.Debug|Any CPU.ActiveCfg = Debug|Any CPU
		{FBD1248A-3058-4ABA-8119-6F6277695DDA}.Debug|Any CPU.Build.0 = Debug|Any CPU
		{FBD1248A-3058-4ABA-8119-6F6277695DDA}.Release|Any CPU.ActiveCfg = Release|Any CPU
		{FBD1248A-3058-4ABA-8119-6F6277695DDA}.Release|Any CPU.Build.0 = Release|Any CPU
		{8549DFD6-F52F-4921-93D5-9765D4FD1A96}.Debug|Any CPU.ActiveCfg = Debug|Any CPU
		{8549DFD6-F52F-4921-93D5-9765D4FD1A96}.Debug|Any CPU.Build.0 = Debug|Any CPU
		{8549DFD6-F52F-4921-93D5-9765D4FD1A96}.Release|Any CPU.ActiveCfg = Release|Any CPU
		{8549DFD6-F52F-4921-93D5-9765D4FD1A96}.Release|Any CPU.Build.0 = Release|Any CPU
		{96CCE86F-28A6-4CAB-9D59-B6855CBBD326}.Debug|Any CPU.ActiveCfg = Debug|Any CPU
		{96CCE86F-28A6-4CAB-9D59-B6855CBBD326}.Debug|Any CPU.Build.0 = Debug|Any CPU
		{96CCE86F-28A6-4CAB-9D59-B6855CBBD326}.Release|Any CPU.ActiveCfg = Release|Any CPU
		{96CCE86F-28A6-4CAB-9D59-B6855CBBD326}.Release|Any CPU.Build.0 = Release|Any CPU
		{83296BD8-947B-432A-ABF9-4F19A9F37555}.Debug|Any CPU.ActiveCfg = Debug|Any CPU
		{83296BD8-947B-432A-ABF9-4F19A9F37555}.Debug|Any CPU.Build.0 = Debug|Any CPU
		{83296BD8-947B-432A-ABF9-4F19A9F37555}.Release|Any CPU.ActiveCfg = Release|Any CPU
		{83296BD8-947B-432A-ABF9-4F19A9F37555}.Release|Any CPU.Build.0 = Release|Any CPU
	EndGlobalSection
	GlobalSection(SolutionProperties) = preSolution
		HideSolutionNode = FALSE
	EndGlobalSection
	GlobalSection(NestedProjects) = preSolution
		{4A497384-6D8E-4A18-8F35-93A8BA6CC2E0} = {F4E46C24-91CC-45B5-87B8-54A47DF8A55B}
		{A5074406-5489-4C70-824D-8251632A4EF1} = {D1D8C78A-A564-40EC-B11F-D83071125E0D}
		{B09E78EE-2835-4CB5-8B33-23F0D5C1F5A0} = {7D0C39A6-2F98-4F9F-BF5B-967737D0F788}
		{2A8A14A6-D236-4616-8B07-584E50CEB968} = {7D0C39A6-2F98-4F9F-BF5B-967737D0F788}
		{53A2C7E4-1709-41D7-A19E-7349CD39EEA4} = {7D0C39A6-2F98-4F9F-BF5B-967737D0F788}
		{F5A4827E-8889-46B5-AE63-388749AA65B0} = {996CF5DA-3D93-4905-9924-B9F76C900648}
		{14B73A7F-1416-483F-876D-716A07A73DE0} = {996CF5DA-3D93-4905-9924-B9F76C900648}
		{FBD1248A-3058-4ABA-8119-6F6277695DDA} = {996CF5DA-3D93-4905-9924-B9F76C900648}
		{8549DFD6-F52F-4921-93D5-9765D4FD1A96} = {B6B634A3-4625-48B2-A4F3-70E2909B9780}
		{96CCE86F-28A6-4CAB-9D59-B6855CBBD326} = {B6B634A3-4625-48B2-A4F3-70E2909B9780}
		{83296BD8-947B-432A-ABF9-4F19A9F37555} = {B6B634A3-4625-48B2-A4F3-70E2909B9780}
	EndGlobalSection
	GlobalSection(ExtensibilityGlobals) = postSolution
		SolutionGuid = {0012161A-63B4-4F87-83C4-A9A9A5721C70}
	EndGlobalSection
EndGlobal
